#MicroXplorer Configuration settings - do not modify
File.Version=6
I2C1.Analog_Filter=I2C_ANALOGFILTER_ENABLE
I2C1.I2C_Fall_Time=0
I2C1.I2C_Rise_Time=0
I2C1.I2C_Speed_Mode=I2C_Standard
I2C1.IPParameters=Timing,Analog_Filter,I2C_Speed_Mode,I2C_Rise_Time,I2C_Fall_Time
I2C1.Timing=0x00000103
KeepUserPlacement=false
LPUART1.BaudRate=15625
LPUART1.IPParameters=WordLength,BaudRate
LPUART1.WordLength=UART_WORDLENGTH_8B
Mcu.Family=STM32L4
Mcu.IP0=I2C1
Mcu.IP1=LPUART1
Mcu.IP2=NVIC
Mcu.IP3=RCC
Mcu.IP4=SPI1
Mcu.IP5=SYS
Mcu.IP6=TIM16
Mcu.IP7=USART1
Mcu.IPNb=8
Mcu.Name=STM32L412K8Tx
Mcu.Package=LQFP32
Mcu.Pin0=PA0-CK_IN
Mcu.Pin1=PA1
Mcu.Pin10=PA8
Mcu.Pin11=PA9
Mcu.Pin12=PA10
Mcu.Pin13=PA11
Mcu.Pin14=PA12
Mcu.Pin15=PA13 (JTMS/SWDIO)
Mcu.Pin16=PA14 (JTCK/SWCLK)
Mcu.Pin17=PA15 (JTDI)
Mcu.Pin18=PB4 (NJTRST)
Mcu.Pin19=PB5
Mcu.Pin2=PA2
Mcu.Pin20=PB6
Mcu.Pin21=PB7
Mcu.Pin22=VP_SYS_VS_Systick
Mcu.Pin23=VP_TIM16_VS_ClockSourceINT
Mcu.Pin3=PA3
Mcu.Pin4=PA4
Mcu.Pin5=PA5
Mcu.Pin6=PA6
Mcu.Pin7=PA7
Mcu.Pin8=PB0
Mcu.Pin9=PB1
Mcu.PinsNb=24
Mcu.ThirdPartyNb=0
Mcu.UserConstants=
Mcu.UserName=STM32L412K8Tx
MxCube.Version=5.4.0
MxDb.Version=DB.5.0.40
NVIC.BusFault_IRQn=true\:0\:0\:false\:false\:true\:false\:false
NVIC.DebugMonitor_IRQn=true\:0\:0\:false\:false\:true\:false\:false
NVIC.EXTI0_IRQn=true\:0\:0\:false\:false\:true\:true\:true
NVIC.EXTI15_10_IRQn=true\:0\:0\:false\:false\:true\:true\:true
NVIC.EXTI1_IRQn=true\:0\:0\:false\:false\:true\:true\:true
NVIC.ForceEnableDMAVector=true
NVIC.HardFault_IRQn=true\:0\:0\:false\:false\:true\:false\:false
NVIC.MemoryManagement_IRQn=true\:0\:0\:false\:false\:true\:false\:false
NVIC.NonMaskableInt_IRQn=true\:0\:0\:false\:false\:true\:false\:false
NVIC.PendSV_IRQn=true\:0\:0\:false\:false\:true\:false\:false
NVIC.PriorityGroup=NVIC_PRIORITYGROUP_4
NVIC.RCC_IRQn=true\:0\:0\:false\:false\:true\:true\:false
NVIC.SVCall_IRQn=true\:0\:0\:false\:false\:true\:false\:false
NVIC.SysTick_IRQn=true\:0\:0\:false\:false\:true\:false\:true
NVIC.TIM1_UP_TIM16_IRQn=true\:0\:0\:false\:false\:true\:true\:true
NVIC.USART1_IRQn=true\:0\:0\:false\:false\:true\:true\:true
NVIC.UsageFault_IRQn=true\:0\:0\:false\:false\:true\:false\:false
PA0-CK_IN.GPIOParameters=GPIO_Label
PA0-CK_IN.GPIO_Label=LORA_DIO1
PA0-CK_IN.Locked=true
PA0-CK_IN.Signal=GPXTI0
PA1.Locked=true
PA1.Signal=GPIO_Output
PA10.Mode=I2C
PA10.Signal=I2C1_SDA
PA11.GPIOParameters=GPIO_PuPd,GPIO_Label
PA11.GPIO_Label=SW_Reset
PA11.GPIO_PuPd=GPIO_PULLUP
PA11.Locked=true
PA11.Signal=GPXTI11
PA12.GPIOParameters=GPIO_PuPd,GPIO_Label
PA12.GPIO_Label=SW_Emergency
PA12.GPIO_PuPd=GPIO_PULLUP
PA12.Locked=true
PA12.Signal=GPXTI12
PA13\ (JTMS/SWDIO).Mode=Serial_Wire
PA13\ (JTMS/SWDIO).Signal=SYS_JTMS-SWDIO
PA14\ (JTCK/SWCLK).Mode=Serial_Wire
PA14\ (JTCK/SWCLK).Signal=SYS_JTCK-SWCLK
PA15\ (JTDI).GPIOParameters=PinState,GPIO_Label,GPIO_ModeDefaultOutputPP
PA15\ (JTDI).GPIO_Label=DSENSOR_SET
PA15\ (JTDI).GPIO_ModeDefaultOutputPP=GPIO_MODE_OUTPUT_OD
PA15\ (JTDI).Locked=true
PA15\ (JTDI).PinState=GPIO_PIN_RESET
PA15\ (JTDI).Signal=GPIO_Output
PA2.Mode=Half_duplex(single_wire_mode)
PA2.Signal=LPUART1_TX
PA3.GPIOParameters=GPIO_Label
PA3.GPIO_Label=NRF_CE
PA3.Locked=true
PA3.Signal=GPIO_Output
PA4.GPIOParameters=GPIO_Label
PA4.GPIO_Label=NRF_CSN
PA4.Locked=true
PA4.Signal=GPIO_Output
PA5.Locked=true
PA5.Mode=Full_Duplex_Master
PA5.Signal=SPI1_SCK
PA6.Mode=Full_Duplex_Master
PA6.Signal=SPI1_MISO
PA7.Locked=true
PA7.Mode=Full_Duplex_Master
PA7.Signal=SPI1_MOSI
PA8.GPIOParameters=GPIO_Label
PA8.GPIO_Label=DebugLED
PA8.Locked=true
PA8.Signal=GPIO_Output
PA9.Mode=I2C
PA9.Signal=I2C1_SCL
PB0.GPIOParameters=GPIO_Label
PB0.GPIO_Label=LORA_NSS
PB0.Locked=true
PB0.Signal=GPIO_Output
PB1.GPIOParameters=GPIO_Label
PB1.GPIO_Label=LORA_DIO0
PB1.Locked=true
PB1.Signal=GPXTI1
PB4\ (NJTRST).GPIOParameters=GPIO_Label
PB4\ (NJTRST).GPIO_Label=LED_RED
PB4\ (NJTRST).Locked=true
PB4\ (NJTRST).Signal=GPIO_Output
PB5.GPIOParameters=GPIO_Label
PB5.GPIO_Label=LED_GREEN
PB5.Locked=true
PB5.Signal=GPIO_Output
PB6.Locked=true
PB6.Mode=Asynchronous
PB6.Signal=USART1_TX
PB7.Locked=true
PB7.Mode=Asynchronous
PB7.Signal=USART1_RX
PCC.Checker=false
PCC.Line=STM32L4x2
PCC.MCU=STM32L412K8Tx
PCC.PartNumber=STM32L412K8Tx
PCC.Seq0=0
PCC.Series=STM32L4
PCC.Temperature=25
PCC.Vdd=3.0
PinOutPanel.RotationAngle=0
ProjectManager.AskForMigrate=false
ProjectManager.BackupPrevious=false
ProjectManager.CompilerOptimize=6
ProjectManager.ComputerToolchain=false
ProjectManager.CoupleFile=false
ProjectManager.CustomerFirmwarePackage=
ProjectManager.DefaultFWLocation=true
ProjectManager.DeletePrevious=true
ProjectManager.DeviceId=STM32L412K8Tx
ProjectManager.FirmwarePackage=STM32Cube FW_L4 V1.14.0
ProjectManager.FreePins=false
ProjectManager.HalAssertFull=true
ProjectManager.HeapSize=0x1000
ProjectManager.KeepUserCode=true
ProjectManager.LastFirmware=true
ProjectManager.LibraryCopy=1
ProjectManager.MainLocation=Src
ProjectManager.NoMain=false
ProjectManager.PreviousToolchain=
ProjectManager.ProjectBuild=false
ProjectManager.ProjectFileName=WZMS_Outer_Dust_Lora.ioc
ProjectManager.ProjectName=WZMS_Outer_Dust_Lora
ProjectManager.StackSize=0x1000
ProjectManager.TargetToolchain=Makefile
ProjectManager.ToolChainLocation=
ProjectManager.UnderRoot=false
ProjectManager.functionlistsort=1-MX_GPIO_Init-GPIO-false-HAL-true,2-SystemClock_Config-RCC-false-HAL-false,3-MX_SPI1_Init-SPI1-false-HAL-true,4-MX_USART1_UART_Init-USART1-false-HAL-true,5-MX_I2C1_Init-I2C1-false-HAL-true,6-MX_LPUART1_UART_Init-LPUART1-false-HAL-true,7-MX_TIM16_Init-TIM16-false-HAL-true
RCC.ADCFreq_Value=1000000
RCC.AHBFreq_Value=1000000
RCC.APB1Freq_Value=1000000
RCC.APB1TimFreq_Value=1000000
RCC.APB2Freq_Value=1000000
RCC.APB2TimFreq_Value=1000000
RCC.CRSFreq_Value=48000000
RCC.CortexFreq_Value=1000000
RCC.FCLKCortexFreq_Value=1000000
RCC.FamilyName=M
RCC.HCLKFreq_Value=1000000
RCC.HSE_VALUE=8000000
RCC.HSI48_VALUE=48000000
RCC.HSI_VALUE=16000000
RCC.I2C1Freq_Value=1000000
RCC.I2C3Freq_Value=1000000
RCC.IPParameters=ADCFreq_Value,AHBFreq_Value,APB1Freq_Value,APB1TimFreq_Value,APB2Freq_Value,APB2TimFreq_Value,CRSFreq_Value,CortexFreq_Value,FCLKCortexFreq_Value,FamilyName,HCLKFreq_Value,HSE_VALUE,HSI48_VALUE,HSI_VALUE,I2C1Freq_Value,I2C3Freq_Value,LPTIM1Freq_Value,LPTIM2Freq_Value,LPUART1Freq_Value,LSCOPinFreq_Value,LSE_VALUE,LSI_VALUE,MCO1PinFreq_Value,MSIClockRange,MSI_VALUE,PLLQoutputFreq_Value,PLLRCLKFreq_Value,PWRFreq_Value,RNGFreq_Value,SYSCLKFreq_VALUE,USART1Freq_Value,USART2Freq_Value,USBFreq_Value,VCOInputFreq_Value,VCOOutputFreq_Value
RCC.LPTIM1Freq_Value=1000000
RCC.LPTIM2Freq_Value=1000000
RCC.LPUART1Freq_Value=1000000
RCC.LSCOPinFreq_Value=32000
RCC.LSE_VALUE=32768
RCC.LSI_VALUE=32000
RCC.MCO1PinFreq_Value=1000000
RCC.MSIClockRange=RCC_MSIRANGE_4
RCC.MSI_VALUE=1000000
RCC.PLLQoutputFreq_Value=4000000
RCC.PLLRCLKFreq_Value=4000000
RCC.PWRFreq_Value=1000000
RCC.RNGFreq_Value=1000000
RCC.SYSCLKFreq_VALUE=1000000
RCC.USART1Freq_Value=1000000
RCC.USART2Freq_Value=1000000
RCC.USBFreq_Value=1000000
RCC.VCOInputFreq_Value=1000000
RCC.VCOOutputFreq_Value=8000000
SH.GPXTI0.0=GPIO_EXTI0
SH.GPXTI0.ConfNb=1
SH.GPXTI1.0=GPIO_EXTI1
SH.GPXTI1.ConfNb=1
SH.GPXTI11.0=GPIO_EXTI11
SH.GPXTI11.ConfNb=1
SH.GPXTI12.0=GPIO_EXTI12
SH.GPXTI12.ConfNb=1
SPI1.CalculateBaudRate=500.0 KBits/s
SPI1.DataSize=SPI_DATASIZE_8BIT
SPI1.Direction=SPI_DIRECTION_2LINES
SPI1.IPParameters=VirtualType,Mode,Direction,CalculateBaudRate,DataSize,NSSPMode
SPI1.Mode=SPI_MODE_MASTER
SPI1.NSSPMode=SPI_NSS_PULSE_ENABLE
SPI1.VirtualType=VM_MASTER
TIM16.ClockDivision=TIM_CLOCKDIVISION_DIV4
TIM16.IPParameters=Period,RepetitionCounter,Prescaler,ClockDivision
TIM16.Period=25-1
TIM16.Prescaler=80-1
TIM16.RepetitionCounter=25-1
USART1.BaudRate=9600
USART1.IPParameters=VirtualMode-Asynchronous,BaudRate,Mode
USART1.Mode=MODE_TX_RX
USART1.VirtualMode-Asynchronous=VM_ASYNC
VP_SYS_VS_Systick.Mode=SysTick
VP_SYS_VS_Systick.Signal=SYS_VS_Systick
VP_TIM16_VS_ClockSourceINT.Mode=Enable_Timer
VP_TIM16_VS_ClockSourceINT.Signal=TIM16_VS_ClockSourceINT
board=custom
